{
  "name": "grdb-record-generator",
  "version": "1.0.8",
  "lockfileVersion": 1,
  "requires": true,
  "dependencies": {
    "sqlite-parser": {
      "version": "1.0.1",
      "resolved": "https://registry.npmjs.org/sqlite-parser/-/sqlite-parser-1.0.1.tgz",
      "integrity": "sha1-EQGD8mgvBKxsfYrQnEREbvl21ew="
    }
  }
}
